
Microsoft Visual Studio Solution File, Format Version 12.00
# Visual Studio Version 17
VisualStudioVersion = 17.8.34330.188
MinimumVisualStudioVersion = 10.0.40219.1
Project("{FAE04EC0-301F-11D3-BF4B-00C04F79EFBC}") = "HackerNewsAPI", "HackerNewsAPI\HackerNewsAPI.csproj", "{66480E8B-71DA-4FAB-82F5-4E087E18646B}"
EndProject
Project("{FAE04EC0-301F-11D3-BF4B-00C04F79EFBC}") = "HackerNewsAPI.Tests", "HackerNewsAPI.Tests\HackerNewsAPI.Tests.csproj", "{BAC17FA3-5221-421C-90FE-6331A7D1995F}"
EndProject
Global
	GlobalSection(SolutionConfigurationPlatforms) = preSolution
		Debug|Any CPU = Debug|Any CPU
		Release|Any CPU = Release|Any CPU
	EndGlobalSection
	GlobalSection(ProjectConfigurationPlatforms) = postSolution
		{66480E8B-71DA-4FAB-82F5-4E087E18646B}.Debug|Any CPU.ActiveCfg = Debug|Any CPU
		{66480E8B-71DA-4FAB-82F5-4E087E18646B}.Debug|Any CPU.Build.0 = Debug|Any CPU
		{66480E8B-71DA-4FAB-82F5-4E087E18646B}.Release|Any CPU.ActiveCfg = Release|Any CPU
		{66480E8B-71DA-4FAB-82F5-4E087E18646B}.Release|Any CPU.Build.0 = Release|Any CPU
		{BAC17FA3-5221-421C-90FE-6331A7D1995F}.Debug|Any CPU.ActiveCfg = Debug|Any CPU
		{BAC17FA3-5221-421C-90FE-6331A7D1995F}.Debug|Any CPU.Build.0 = Debug|Any CPU
		{BAC17FA3-5221-421C-90FE-6331A7D1995F}.Release|Any CPU.ActiveCfg = Release|Any CPU
		{BAC17FA3-5221-421C-90FE-6331A7D1995F}.Release|Any CPU.Build.0 = Release|Any CPU
	EndGlobalSection
	GlobalSection(SolutionProperties) = preSolution
		HideSolutionNode = FALSE
	EndGlobalSection
	GlobalSection(ExtensibilityGlobals) = postSolution
		SolutionGuid = {F93BD68F-9619-4F12-A66D-6E6B961B5C6A}
	EndGlobalSection
EndGlobal
